# This file is automatically @generated by Cargo.
# It is not intended for manual editing.
version = 4

[[package]]
name = "clr-cli"
version = "0.1.0"
dependencies = [
 "clr-core",
 "clr-qwen3-moe",
]

[[package]]
name = "clr-core"
version = "0.1.0"

[[package]]
name = "clr-qwen3-moe"
version = "0.1.0"
dependencies = [
 "clr-core",
 "clr-storage",
]

[[package]]
name = "clr-storage"
version = "0.1.0"
dependencies = [
 "clr-core",
]
